{"version":4,"terraform_version":"1.11.5","serial":2,"lineage":"035df7b7-fe31-30bc-1fed-4809952b26e9","outputs":{},"resources":[{"mode":"managed","type":"github_repository_deploy_key","name":"flux","provider":"provider[\"registry.opentofu.org/integrations/github\"]","instances":[{"schema_version":0,"attributes":{"etag":"W/\"03def8bc2430727fd34172a9ef1014bc5953336865c088b0a833ecd544e21e2c\"","id":"WatcherDev:144634712","key":"ecdsa-sha2-nistp256 AAAAE2VjZHNhLXNoYTItbmlzdHAyNTYAAAAIbmlzdHAyNTYAAABBBEs9BlUoomScMsoknL4HCnbE8/Ev1SqxTbG2Ag3vJv2TCKcFIeC6YmgTeOiPi99ntLkQEb3I9uao23701EYU7u0=","read_only":false,"repository":"WatcherDev","title":"FluxCD Minikube Deploy Key"},"sensitive_attributes":[],"private":"bnVsbA==","dependencies":["tls_private_key.flux"]}]},{"mode":"managed","type":"tls_private_key","name":"flux","provider":"provider[\"registry.opentofu.org/hashicorp/tls\"]","instances":[{"schema_version":1,"attributes":{"algorithm":"ECDSA","ecdsa_curve":"P256","id":"2323e1ab512df95dc10d086f5938044a1d651394","private_key_openssh":"-----BEGIN OPENSSH PRIVATE KEY-----\nb3BlbnNzaC1rZXktdjEAAAAABG5vbmUAAAAEbm9uZQAAAAAAAAABAAAAaAAAABNl\nY2RzYS1zaGEyLW5pc3RwMjU2AAAACG5pc3RwMjU2AAAAQQRLPQZVKKJknDLKJJy+\nBwp2xPPxL9UqsU2xtgIN7yb9kwinBSHgumJoE3joj4vfZ7S5EBG9yPbmqNt+9NRG\nFO7tAAAAoOKcR1DinEdQAAAAE2VjZHNhLXNoYTItbmlzdHAyNTYAAAAIbmlzdHAy\nNTYAAABBBEs9BlUoomScMsoknL4HCnbE8/Ev1SqxTbG2Ag3vJv2TCKcFIeC6YmgT\neOiPi99ntLkQEb3I9uao23701EYU7u0AAAAhANXG+YiB/27nDkSwRTmhv5BfNH91\nkIvvqM3l10XEbOfcAAAAAAECAwQFBgc=\n-----END OPENSSH PRIVATE KEY-----\n","private_key_pem":"-----BEGIN EC PRIVATE KEY-----\nMHcCAQEEINXG+YiB/27nDkSwRTmhv5BfNH91kIvvqM3l10XEbOfcoAoGCCqGSM49\nAwEHoUQDQgAESz0GVSiiZJwyyiScvgcKdsTz8S/VKrFNsbYCDe8m/ZMIpwUh4Lpi\naBN46I+L32e0uRARvcj25qjbfvTURhTu7Q==\n-----END EC PRIVATE KEY-----\n","private_key_pem_pkcs8":"-----BEGIN PRIVATE KEY-----\nMIGHAgEAMBMGByqGSM49AgEGCCqGSM49AwEHBG0wawIBAQQg1cb5iIH/bucORLBF\nOaG/kF80f3WQi++ozeXXRcRs59yhRANCAARLPQZVKKJknDLKJJy+Bwp2xPPxL9Uq\nsU2xtgIN7yb9kwinBSHgumJoE3joj4vfZ7S5EBG9yPbmqNt+9NRGFO7t\n-----END PRIVATE KEY-----\n","public_key_fingerprint_md5":"b7:22:78:cc:57:92:18:25:b3:cd:9a:7c:cf:d2:07:70","public_key_fingerprint_sha256":"SHA256:/HJxcjcdTJYGoX0yxOo4gq0UOzwUzBpXVif2OmKUJp4","public_key_openssh":"ecdsa-sha2-nistp256 AAAAE2VjZHNhLXNoYTItbmlzdHAyNTYAAAAIbmlzdHAyNTYAAABBBEs9BlUoomScMsoknL4HCnbE8/Ev1SqxTbG2Ag3vJv2TCKcFIeC6YmgTeOiPi99ntLkQEb3I9uao23701EYU7u0=\n","public_key_pem":"-----BEGIN PUBLIC KEY-----\nMFkwEwYHKoZIzj0CAQYIKoZIzj0DAQcDQgAESz0GVSiiZJwyyiScvgcKdsTz8S/V\nKrFNsbYCDe8m/ZMIpwUh4LpiaBN46I+L32e0uRARvcj25qjbfvTURhTu7Q==\n-----END PUBLIC KEY-----\n","rsa_bits":2048},"sensitive_attributes":[[{"type":"get_attr","value":"private_key_openssh"}],[{"type":"get_attr","value":"private_key_pem"}],[{"type":"get_attr","value":"private_key_pem_pkcs8"}]]}]}],"check_results":null}
